
Microsoft Visual Studio Solution File, Format Version 12.00
# Visual Studio Version 17
VisualStudioVersion = 17.9.34902.65
MinimumVisualStudioVersion = 10.0.40219.1
Project("{9A19103F-16F7-4668-BE54-9A1E7A4F7556}") = "UVSChatServer", "UVSChatServer\UVSChatServer.csproj", "{3753A164-4036-4447-A5B8-0E723B61154C}"
EndProject
Project("{FAE04EC0-301F-11D3-BF4B-00C04F79EFBC}") = "SampleClient", "SampleClient\SampleClient.csproj", "{98129274-8849-4428-A1A3-4391A93C8857}"
EndProject
Project("{FAE04EC0-301F-11D3-BF4B-00C04F79EFBC}") = "UVSMedia", "UVSMedia\UVSMedia.csproj", "{FFAEC403-7ADB-4F26-976D-14712D622E61}"
EndProject
Global
	GlobalSection(SolutionConfigurationPlatforms) = preSolution
		Debug|Any CPU = Debug|Any CPU
		Release|Any CPU = Release|Any CPU
	EndGlobalSection
	GlobalSection(ProjectConfigurationPlatforms) = postSolution
		{3753A164-4036-4447-A5B8-0E723B61154C}.Debug|Any CPU.ActiveCfg = Debug|Any CPU
		{3753A164-4036-4447-A5B8-0E723B61154C}.Debug|Any CPU.Build.0 = Debug|Any CPU
		{3753A164-4036-4447-A5B8-0E723B61154C}.Release|Any CPU.ActiveCfg = Release|Any CPU
		{3753A164-4036-4447-A5B8-0E723B61154C}.Release|Any CPU.Build.0 = Release|Any CPU
		{98129274-8849-4428-A1A3-4391A93C8857}.Debug|Any CPU.ActiveCfg = Debug|Any CPU
		{98129274-8849-4428-A1A3-4391A93C8857}.Debug|Any CPU.Build.0 = Debug|Any CPU
		{98129274-8849-4428-A1A3-4391A93C8857}.Release|Any CPU.ActiveCfg = Release|Any CPU
		{98129274-8849-4428-A1A3-4391A93C8857}.Release|Any CPU.Build.0 = Release|Any CPU
		{FFAEC403-7ADB-4F26-976D-14712D622E61}.Debug|Any CPU.ActiveCfg = Debug|Any CPU
		{FFAEC403-7ADB-4F26-976D-14712D622E61}.Debug|Any CPU.Build.0 = Debug|Any CPU
		{FFAEC403-7ADB-4F26-976D-14712D622E61}.Release|Any CPU.ActiveCfg = Release|Any CPU
		{FFAEC403-7ADB-4F26-976D-14712D622E61}.Release|Any CPU.Build.0 = Release|Any CPU
	EndGlobalSection
	GlobalSection(SolutionProperties) = preSolution
		HideSolutionNode = FALSE
	EndGlobalSection
	GlobalSection(ExtensibilityGlobals) = postSolution
		SolutionGuid = {768D88A5-83F9-4416-BD61-52FA243900AA}
	EndGlobalSection
EndGlobal
